// !$*UTF8*$!
{
	archiveVersion = 1;
	classes = {
	};
	objectVersion = 46;
	objects = {

/* Begin PBXBuildFile section */
		7BC81C5F1C7C3AE0004B23C4 /* main.m in Sources */ = {isa = PBXBuildFile; fileRef = 7BC81C5E1C7C3AE0004B23C4 /* main.m */; };
		7BC81C621C7C3AE0004B23C4 /* AppDelegate.m in Sources */ = {isa = PBXBuildFile; fileRef = 7BC81C611C7C3AE0004B23C4 /* AppDelegate.m */; };
		7BC81C651C7C3AE0004B23C4 /* ViewController.m in Sources */ = {isa = PBXBuildFile; fileRef = 7BC81C641C7C3AE0004B23C4 /* ViewController.m */; };
		7BC81C681C7C3AE0004B23C4 /* Main.storyboard in Resources */ = {isa = PBXBuildFile; fileRef = 7BC81C661C7C3AE0004B23C4 /* Main.storyboard */; };
		7BC81C6A1C7C3AE0004B23C4 /* Assets.xcassets in Resources */ = {isa = PBXBuildFile; fileRef = 7BC81C691C7C3AE0004B23C4 /* Assets.xcassets */; };
		7BC81C6D1C7C3AE0004B23C4 /* LaunchScreen.storyboard in Resources */ = {isa = PBXBuildFile; fileRef = 7BC81C6B1C7C3AE0004B23C4 /* LaunchScreen.storyboard */; };
/* End PBXBuildFile section */

/* Begin PBXFileReference section */
		7BC81C5A1C7C3AE0004B23C4 /* 苹果支付.app */ = {isa = PBXFileReference; explicitFileType = wrapper.application; includeInIndex = 0; path = "苹果支付.app"; sourceTree = BUILT_PRODUCTS_DIR; };
		7BC81C5E1C7C3AE0004B23C4 /* main.m */ = {isa = PBXFileReference; lastKnownFileType = sourcecode.c.objc; path = main.m; sourceTree = "<group>"; };
		7BC81C601C7C3AE0004B23C4 /* AppDelegate.h */ = {isa = PBXFileReference; lastKnownFileType = sourcecode.c.h; path = AppDelegate.h; sourceTree = "<group>"; };
		7BC81C611C7C3AE0004B23C4 /* AppDelegate.m */ = {isa = PBXFileReference; lastKnownFileType = sourcecode.c.objc; path = AppDelegate.m; sourceTree = "<group>"; };
		7BC81C631C7C3AE0004B23C4 /* ViewController.h */ = {isa = PBXFileReference; lastKnownFileType = sourcecode.c.h; path = ViewController.h; sourceTree = "<group>"; };
		7BC81C641C7C3AE0004B23C4 /* ViewController.m */ = {isa = PBXFileReference; lastKnownFileType = sourcecode.c.objc; path = ViewController.m; sourceTree = "<group>"; };
		7BC81C671C7C3AE0004B23C4 /* Base */ = {isa = PBXFileReference; lastKnownFileType = file.storyboard; name = Base; path = Base.lproj/Main.storyboard; sourceTree = "<group>"; };
		7BC81C691C7C3AE0004B23C4 /* Assets.xcassets */ = {isa = PBXFileReference; lastKnownFileType = folder.assetcatalog; path = Assets.xcassets; sourceTree = "<group>"; };
		7BC81C6C1C7C3AE0004B23C4 /* Base */ = {isa = PBXFileReference; lastKnownFileType = file.storyboard; name = Base; path = Base.lproj/LaunchScreen.storyboard; sourceTree = "<group>"; };
		7BC81C6E1C7C3AE0004B23C4 /* Info.plist */ = {isa = PBXFileReference; lastKnownFileType = text.plist.xml; path = Info.plist; sourceTree = "<group>"; };
		7BC81C741C7C3DF4004B23C4 /* 苹果支付.entitlements */ = {isa = PBXFileReference; lastKnownFileType = text.xml; path = "苹果支付.entitlements"; sourceTree = "<group>"; };
/* End PBXFileReference section */

/* Begin PBXFrameworksBuildPhase section */
		7BC81C571C7C3AE0004B23C4 /* Frameworks */ = {
			isa = PBXFrameworksBuildPhase;
			buildActionMask = 2147483647;
			files = (
			);
			runOnlyForDeploymentPostprocessing = 0;
		};
/* End PBXFrameworksBuildPhase section */

/* Begin PBXGroup section */
		7BC81C511C7C3AE0004B23C4 = {
			isa = PBXGroup;
			children = (
				7BC81C5C1C7C3AE0004B23C4 /* 苹果支付 */,
				7BC81C5B1C7C3AE0004B23C4 /* Products */,
			);
			sourceTree = "<group>";
		};
		7BC81C5B1C7C3AE0004B23C4 /* Products */ = {
			isa = PBXGroup;
			children = (
				7BC81C5A1C7C3AE0004B23C4 /* 苹果支付.app */,
			);
			name = Products;
			sourceTree = "<group>";
		};
		7BC81C5C1C7C3AE0004B23C4 /* 苹果支付 */ = {
			isa = PBXGroup;
			children = (
				7BC81C741C7C3DF4004B23C4 /* 苹果支付.entitlements */,
				7BC81C601C7C3AE0004B23C4 /* AppDelegate.h */,
				7BC81C611C7C3AE0004B23C4 /* AppDelegate.m */,
				7BC81C631C7C3AE0004B23C4 /* ViewController.h */,
				7BC81C641C7C3AE0004B23C4 /* ViewController.m */,
				7BC81C661C7C3AE0004B23C4 /* Main.storyboard */,
				7BC81C691C7C3AE0004B23C4 /* Assets.xcassets */,
				7BC81C6B1C7C3AE0004B23C4 /* LaunchScreen.storyboard */,
				7BC81C6E1C7C3AE0004B23C4 /* Info.plist */,
				7BC81C5D1C7C3AE0004B23C4 /* Supporting Files */,
			);
			path = "苹果支付";
			sourceTree = "<group>";
		};
		7BC81C5D1C7C3AE0004B23C4 /* Supporting Files */ = {
			isa = PBXGroup;
			children = (
				7BC81C5E1C7C3AE0004B23C4 /* main.m */,
			);
			name = "Supporting Files";
			sourceTree = "<group>";
		};
/* End PBXGroup section */

/* Begin PBXNativeTarget section */
		7BC81C591C7C3AE0004B23C4 /* 苹果支付 */ = {
			isa = PBXNativeTarget;
			buildConfigurationList = 7BC81C711C7C3AE0004B23C4 /* Build configuration list for PBXNativeTarget "苹果支付" */;
			buildPhases = (
				7BC81C561C7C3AE0004B23C4 /* Sources */,
				7BC81C571C7C3AE0004B23C4 /* Frameworks */,
				7BC81C581C7C3AE0004B23C4 /* Resources */,
			);
			buildRules = (
			);
			dependencies = (
			);
			name = "苹果支付";
			productName = "苹果支付";
			productReference = 7BC81C5A1C7C3AE0004B23C4 /* 苹果支付.app */;
			productType = "com.apple.product-type.application";
		};
/* End PBXNativeTarget section */

/* Begin PBXProject section */
		7BC81C521C7C3AE0004B23C4 /* Project object */ = {
			isa = PBXProject;
			attributes = {
				LastUpgradeCheck = 0720;
				ORGANIZATIONNAME = "小码哥";
				TargetAttributes = {
					7BC81C591C7C3AE0004B23C4 = {
						CreatedOnToolsVersion = 7.2;
						DevelopmentTeam = EPUU4MPFM7;
						SystemCapabilities = {
							com.apple.OMC = {
								enabled = 1;
							};
						};
					};
				};
			};
			buildConfigurationList = 7BC81C551C7C3AE0004B23C4 /* Build configuration list for PBXProject "苹果支付" */;
			compatibilityVersion = "Xcode 3.2";
			developmentRegion = English;
			hasScannedForEncodings = 0;
			knownRegions = (
				en,
				Base,
			);
			mainGroup = 7BC81C511C7C3AE0004B23C4;
			productRefGroup = 7BC81C5B1C7C3AE0004B23C4 /* Products */;
			projectDirPath = "";
			projectRoot = "";
			targets = (
				7BC81C591C7C3AE0004B23C4 /* 苹果支付 */,
			);
		};
/* End PBXProject section */

/* Begin PBXResourcesBuildPhase section */
		7BC81C581C7C3AE0004B23C4 /* Resources */ = {
			isa = PBXResourcesBuildPhase;
			buildActionMask = 2147483647;
			files = (
				7BC81C6D1C7C3AE0004B23C4 /* LaunchScreen.storyboard in Resources */,
				7BC81C6A1C7C3AE0004B23C4 /* Assets.xcassets in Resources */,
				7BC81C681C7C3AE0004B23C4 /* Main.storyboard in Resources */,
			);
			runOnlyForDeploymentPostprocessing = 0;
		};
/* End PBXResourcesBuildPhase section */

/* Begin PBXSourcesBuildPhase section */
		7BC81C561C7C3AE0004B23C4 /* Sources */ = {
			isa = PBXSourcesBuildPhase;
			buildActionMask = 2147483647;
			files = (
				7BC81C651C7C3AE0004B23C4 /* ViewController.m in Sources */,
				7BC81C621C7C3AE0004B23C4 /* AppDelegate.m in Sources */,
				7BC81C5F1C7C3AE0004B23C4 /* main.m in Sources */,
			);
			runOnlyForDeploymentPostprocessing = 0;
		};
/* End PBXSourcesBuildPhase section */

/* Begin PBXVariantGroup section */
		7BC81C661C7C3AE0004B23C4 /* Main.storyboard */ = {
			isa = PBXVariantGroup;
			children = (
				7BC81C671C7C3AE0004B23C4 /* Base */,
			);
			name = Main.storyboard;
			sourceTree = "<group>";
		};
		7BC81C6B1C7C3AE0004B23C4 /* LaunchScreen.storyboard */ = {
			isa = PBXVariantGroup;
			children = (
				7BC81C6C1C7C3AE0004B23C4 /* Base */,
			);
			name = LaunchScreen.storyboard;
			sourceTree = "<group>";
		};
/* End PBXVariantGroup section */

/* Begin XCBuildConfiguration section */
		7BC81C6F1C7C3AE0004B23C4 /* Debug */ = {
			isa = XCBuildConfiguration;
			buildSettings = {
				ALWAYS_SEARCH_USER_PATHS = NO;
				CLANG_CXX_LANGUAGE_STANDARD = "gnu++0x";
				CLANG_CXX_LIBRARY = "libc++";
				CLANG_ENABLE_MODULES = YES;
				CLANG_ENABLE_OBJC_ARC = YES;
				CLANG_WARN_BOOL_CONVERSION = YES;
				CLANG_WARN_CONSTANT_CONVERSION = YES;
				CLANG_WARN_DIRECT_OBJC_ISA_USAGE = YES_ERROR;
				CLANG_WARN_EMPTY_BODY = YES;
				CLANG_WARN_ENUM_CONVERSION = YES;
				CLANG_WARN_INT_CONVERSION = YES;
				CLANG_WARN_OBJC_ROOT_CLASS = YES_ERROR;
				CLANG_WARN_UNREACHABLE_CODE = YES;
				CLANG_WARN__DUPLICATE_METHOD_MATCH = YES;
				"CODE_SIGN_IDENTITY[sdk=iphoneos*]" = "iPhone Developer";
				COPY_PHASE_STRIP = NO;
				DEBUG_INFORMATION_FORMAT = dwarf;
				ENABLE_STRICT_OBJC_MSGSEND = YES;
				ENABLE_TESTABILITY = YES;
				GCC_C_LANGUAGE_STANDARD = gnu99;
				GCC_DYNAMIC_NO_PIC = NO;
				GCC_NO_COMMON_BLOCKS = YES;
				GCC_OPTIMIZATION_LEVEL = 0;
				GCC_PREPROCESSOR_DEFINITIONS = (
					"DEBUG=1",
					"$(inherited)",
				);
				GCC_WARN_64_TO_32_BIT_CONVERSION = YES;
				GCC_WARN_ABOUT_RETURN_TYPE = YES_ERROR;
				GCC_WARN_UNDECLARED_SELECTOR = YES;
				GCC_WARN_UNINITIALIZED_AUTOS = YES_AGGRESSIVE;
				GCC_WARN_UNUSED_FUNCTION = YES;
				GCC_WARN_UNUSED_VARIABLE = YES;
				IPHONEOS_DEPLOYMENT_TARGET = 8.0;
				MTL_ENABLE_DEBUG_INFO = YES;
				ONLY_ACTIVE_ARCH = YES;
				SDKROOT = iphoneos;
			};
			name = Debug;
		};
		7BC81C701C7C3AE0004B23C4 /* Release */ = {
			isa = XCBuildConfiguration;
			buildSettings = {
				ALWAYS_SEARCH_USER_PATHS = NO;
				CLANG_CXX_LANGUAGE_STANDARD = "gnu++0x";
				CLANG_CXX_LIBRARY = "libc++";
				CLANG_ENABLE_MODULES = YES;
				CLANG_ENABLE_OBJC_ARC = YES;
				CLANG_WARN_BOOL_CONVERSION = YES;
				CLANG_WARN_CONSTANT_CONVERSION = YES;
				CLANG_WARN_DIRECT_OBJC_ISA_USAGE = YES_ERROR;
				CLANG_WARN_EMPTY_BODY = YES;
				CLANG_WARN_ENUM_CONVERSION = YES;
				CLANG_WARN_INT_CONVERSION = YES;
				CLANG_WARN_OBJC_ROOT_CLASS = YES_ERROR;
				CLANG_WARN_UNREACHABLE_CODE = YES;
				CLANG_WARN__DUPLICATE_METHOD_MATCH = YES;
				"CODE_SIGN_IDENTITY[sdk=iphoneos*]" = "iPhone Developer";
				COPY_PHASE_STRIP = NO;
				DEBUG_INFORMATION_FORMAT = "dwarf-with-dsym";
				ENABLE_NS_ASSERTIONS = NO;
				ENABLE_STRICT_OBJC_MSGSEND = YES;
				GCC_C_LANGUAGE_STANDARD = gnu99;
				GCC_NO_COMMON_BLOCKS = YES;
				GCC_WARN_64_TO_32_BIT_CONVERSION = YES;
				GCC_WARN_ABOUT_RETURN_TYPE = YES_ERROR;
				GCC_WARN_UNDECLARED_SELECTOR = YES;
				GCC_WARN_UNINITIALIZED_AUTOS = YES_AGGRESSIVE;
				GCC_WARN_UNUSED_FUNCTION = YES;
				GCC_WARN_UNUSED_VARIABLE = YES;
				IPHONEOS_DEPLOYMENT_TARGET = 8.0;
				MTL_ENABLE_DEBUG_INFO = NO;
				SDKROOT = iphoneos;
				VALIDATE_PRODUCT = YES;
			};
			name = Release;
		};
		7BC81C721C7C3AE0004B23C4 /* Debug */ = {
			isa = XCBuildConfiguration;
			buildSettings = {
				ASSETCATALOG_COMPILER_APPICON_NAME = AppIcon;
				CODE_SIGN_ENTITLEMENTS = "苹果支付/苹果支付.entitlements";
				CODE_SIGN_IDENTITY = "iPhone Developer";
				"CODE_SIGN_IDENTITY[sdk=iphoneos*]" = "iPhone Developer";
				INFOPLIST_FILE = "苹果支付/Info.plist";
				LD_RUNPATH_SEARCH_PATHS = "$(inherited) @executable_path/Frameworks";
				PRODUCT_BUNDLE_IDENTIFIER = com.520it.applePayDemo;
				PRODUCT_NAME = "$(TARGET_NAME)";
				PROVISIONING_PROFILE = "";
			};
			name = Debug;
		};
		7BC81C731C7C3AE0004B23C4 /* Release */ = {
			isa = XCBuildConfiguration;
			buildSettings = {
				ASSETCATALOG_COMPILER_APPICON_NAME = AppIcon;
				CODE_SIGN_ENTITLEMENTS = "苹果支付/苹果支付.entitlements";
				CODE_SIGN_IDENTITY = "iPhone Developer";
				"CODE_SIGN_IDENTITY[sdk=iphoneos*]" = "iPhone Developer";
				INFOPLIST_FILE = "苹果支付/Info.plist";
				LD_RUNPATH_SEARCH_PATHS = "$(inherited) @executable_path/Frameworks";
				PRODUCT_BUNDLE_IDENTIFIER = com.520it.applePayDemo;
				PRODUCT_NAME = "$(TARGET_NAME)";
				PROVISIONING_PROFILE = "";
			};
			name = Release;
		};
/* End XCBuildConfiguration section */

/* Begin XCConfigurationList section */
		7BC81C551C7C3AE0004B23C4 /* Build configuration list for PBXProject "苹果支付" */ = {
			isa = XCConfigurationList;
			buildConfigurations = (
				7BC81C6F1C7C3AE0004B23C4 /* Debug */,
				7BC81C701C7C3AE0004B23C4 /* Release */,
			);
			defaultConfigurationIsVisible = 0;
			defaultConfigurationName = Release;
		};
		7BC81C711C7C3AE0004B23C4 /* Build configuration list for PBXNativeTarget "苹果支付" */ = {
			isa = XCConfigurationList;
			buildConfigurations = (
				7BC81C721C7C3AE0004B23C4 /* Debug */,
				7BC81C731C7C3AE0004B23C4 /* Release */,
			);
			defaultConfigurationIsVisible = 0;
		};
/* End XCConfigurationList section */
	};
	rootObject = 7BC81C521C7C3AE0004B23C4 /* Project object */;
}
